
Microsoft Visual Studio Solution File, Format Version 12.00
Project("{2150E333-8FDC-42A3-9474-1A3956D46DE8}") = "InventoryMicorservice", "InventoryMicorservice", "{E9040E2D-6D8A-48B5-9B5A-AD2062DE6ABA}"
	ProjectSection(SolutionItems) = preProject
		Dockerfile-inventory = Dockerfile-inventory
	EndProjectSection
EndProject
Project("{FAE04EC0-301F-11D3-BF4B-00C04F79EFBC}") = "InventoryAPI", "InventoryAPI\InventoryAPI.csproj", "{43589C57-D27D-482C-820D-500211AFFFF6}"
EndProject
Project("{FAE04EC0-301F-11D3-BF4B-00C04F79EFBC}") = "InventoryBLL", "InventoryBLL\InventoryBLL.csproj", "{CF787DF8-2A35-4587-9B69-74EA7985003F}"
EndProject
Project("{FAE04EC0-301F-11D3-BF4B-00C04F79EFBC}") = "InventoryDAL", "InventoryDAL\InventoryDAL.csproj", "{B966A180-B6BC-4830-8C51-3A11F1D427FD}"
EndProject
Project("{2150E333-8FDC-42A3-9474-1A3956D46DE8}") = "OrderMicroservice", "OrderMicroservice", "{30D0D29B-F50E-4C9C-A8BE-95578CAD92C7}"
	ProjectSection(SolutionItems) = preProject
		Dockerfile-order = Dockerfile-order
	EndProjectSection
EndProject
Project("{FAE04EC0-301F-11D3-BF4B-00C04F79EFBC}") = "OrderDAL", "OrderDAL\OrderDAL.csproj", "{6FB5F565-8E73-480A-93C8-743DF860EE80}"
EndProject
Project("{FAE04EC0-301F-11D3-BF4B-00C04F79EFBC}") = "OrderBLL", "OrderBLL\OrderBLL.csproj", "{CFFA29A7-B036-4921-96AD-334271BF48D7}"
EndProject
Project("{FAE04EC0-301F-11D3-BF4B-00C04F79EFBC}") = "OrderAPI", "OrderAPI\OrderAPI.csproj", "{C0661293-9773-4EF0-AE54-0CEA5BE32143}"
EndProject
Project("{FAE04EC0-301F-11D3-BF4B-00C04F79EFBC}") = "UnitTests", "UnitTests\UnitTests.csproj", "{7A37AE8E-6DFE-41A4-A3FE-39CACBDE2505}"
EndProject
Project("{2150E333-8FDC-42A3-9474-1A3956D46DE8}") = "Tests", "Tests", "{2BD37AFB-16DD-4821-B7FA-B2D10F4A62AB}"
EndProject
Global
	GlobalSection(SolutionConfigurationPlatforms) = preSolution
		Debug|Any CPU = Debug|Any CPU
		Release|Any CPU = Release|Any CPU
	EndGlobalSection
	GlobalSection(NestedProjects) = preSolution
		{43589C57-D27D-482C-820D-500211AFFFF6} = {E9040E2D-6D8A-48B5-9B5A-AD2062DE6ABA}
		{CF787DF8-2A35-4587-9B69-74EA7985003F} = {E9040E2D-6D8A-48B5-9B5A-AD2062DE6ABA}
		{B966A180-B6BC-4830-8C51-3A11F1D427FD} = {E9040E2D-6D8A-48B5-9B5A-AD2062DE6ABA}
		{6FB5F565-8E73-480A-93C8-743DF860EE80} = {30D0D29B-F50E-4C9C-A8BE-95578CAD92C7}
		{CFFA29A7-B036-4921-96AD-334271BF48D7} = {30D0D29B-F50E-4C9C-A8BE-95578CAD92C7}
		{C0661293-9773-4EF0-AE54-0CEA5BE32143} = {30D0D29B-F50E-4C9C-A8BE-95578CAD92C7}
		{7A37AE8E-6DFE-41A4-A3FE-39CACBDE2505} = {2BD37AFB-16DD-4821-B7FA-B2D10F4A62AB}
	EndGlobalSection
	GlobalSection(ProjectConfigurationPlatforms) = postSolution
		{43589C57-D27D-482C-820D-500211AFFFF6}.Debug|Any CPU.ActiveCfg = Debug|Any CPU
		{43589C57-D27D-482C-820D-500211AFFFF6}.Debug|Any CPU.Build.0 = Debug|Any CPU
		{43589C57-D27D-482C-820D-500211AFFFF6}.Release|Any CPU.ActiveCfg = Release|Any CPU
		{43589C57-D27D-482C-820D-500211AFFFF6}.Release|Any CPU.Build.0 = Release|Any CPU
		{CF787DF8-2A35-4587-9B69-74EA7985003F}.Debug|Any CPU.ActiveCfg = Debug|Any CPU
		{CF787DF8-2A35-4587-9B69-74EA7985003F}.Debug|Any CPU.Build.0 = Debug|Any CPU
		{CF787DF8-2A35-4587-9B69-74EA7985003F}.Release|Any CPU.ActiveCfg = Release|Any CPU
		{CF787DF8-2A35-4587-9B69-74EA7985003F}.Release|Any CPU.Build.0 = Release|Any CPU
		{B966A180-B6BC-4830-8C51-3A11F1D427FD}.Debug|Any CPU.ActiveCfg = Debug|Any CPU
		{B966A180-B6BC-4830-8C51-3A11F1D427FD}.Debug|Any CPU.Build.0 = Debug|Any CPU
		{B966A180-B6BC-4830-8C51-3A11F1D427FD}.Release|Any CPU.ActiveCfg = Release|Any CPU
		{B966A180-B6BC-4830-8C51-3A11F1D427FD}.Release|Any CPU.Build.0 = Release|Any CPU
		{6FB5F565-8E73-480A-93C8-743DF860EE80}.Debug|Any CPU.ActiveCfg = Debug|Any CPU
		{6FB5F565-8E73-480A-93C8-743DF860EE80}.Debug|Any CPU.Build.0 = Debug|Any CPU
		{6FB5F565-8E73-480A-93C8-743DF860EE80}.Release|Any CPU.ActiveCfg = Release|Any CPU
		{6FB5F565-8E73-480A-93C8-743DF860EE80}.Release|Any CPU.Build.0 = Release|Any CPU
		{CFFA29A7-B036-4921-96AD-334271BF48D7}.Debug|Any CPU.ActiveCfg = Debug|Any CPU
		{CFFA29A7-B036-4921-96AD-334271BF48D7}.Debug|Any CPU.Build.0 = Debug|Any CPU
		{CFFA29A7-B036-4921-96AD-334271BF48D7}.Release|Any CPU.ActiveCfg = Release|Any CPU
		{CFFA29A7-B036-4921-96AD-334271BF48D7}.Release|Any CPU.Build.0 = Release|Any CPU
		{C0661293-9773-4EF0-AE54-0CEA5BE32143}.Debug|Any CPU.ActiveCfg = Debug|Any CPU
		{C0661293-9773-4EF0-AE54-0CEA5BE32143}.Debug|Any CPU.Build.0 = Debug|Any CPU
		{C0661293-9773-4EF0-AE54-0CEA5BE32143}.Release|Any CPU.ActiveCfg = Release|Any CPU
		{C0661293-9773-4EF0-AE54-0CEA5BE32143}.Release|Any CPU.Build.0 = Release|Any CPU
		{7A37AE8E-6DFE-41A4-A3FE-39CACBDE2505}.Debug|Any CPU.ActiveCfg = Debug|Any CPU
		{7A37AE8E-6DFE-41A4-A3FE-39CACBDE2505}.Debug|Any CPU.Build.0 = Debug|Any CPU
		{7A37AE8E-6DFE-41A4-A3FE-39CACBDE2505}.Release|Any CPU.ActiveCfg = Release|Any CPU
		{7A37AE8E-6DFE-41A4-A3FE-39CACBDE2505}.Release|Any CPU.Build.0 = Release|Any CPU
	EndGlobalSection
EndGlobal
