
Microsoft Visual Studio Solution File, Format Version 12.00
Project("{2150E333-8FDC-42A3-9474-1A3956D46DE8}") = "UserMicroservice", "UserMicroservice", "{A3F90799-1F9B-41A6-946B-5BE72B100402}"
EndProject
Project("{FAE04EC0-301F-11D3-BF4B-00C04F79EFBC}") = "UserAPI", "UserAPI\UserAPI.csproj", "{17C09E80-9063-4FF0-A9BE-995308B00DFA}"
EndProject
Project("{FAE04EC0-301F-11D3-BF4B-00C04F79EFBC}") = "DAL", "DAL\DAL.csproj", "{02C9EA91-99F7-40C6-BD76-640C513C7D24}"
EndProject
Project("{FAE04EC0-301F-11D3-BF4B-00C04F79EFBC}") = "BLL", "BLL\BLL.csproj", "{5495FA8F-2A3F-4267-8C97-479F8AC61DF7}"
EndProject
Project("{2150E333-8FDC-42A3-9474-1A3956D46DE8}") = "InventoryMicorservice", "InventoryMicorservice", "{E9040E2D-6D8A-48B5-9B5A-AD2062DE6ABA}"
EndProject
Project("{FAE04EC0-301F-11D3-BF4B-00C04F79EFBC}") = "InventoryAPI", "InventoryAPI\InventoryAPI.csproj", "{43589C57-D27D-482C-820D-500211AFFFF6}"
EndProject
Project("{FAE04EC0-301F-11D3-BF4B-00C04F79EFBC}") = "InventoryBLL", "InventoryBLL\InventoryBLL.csproj", "{CF787DF8-2A35-4587-9B69-74EA7985003F}"
EndProject
Project("{FAE04EC0-301F-11D3-BF4B-00C04F79EFBC}") = "InventoryDAL", "InventoryDAL\InventoryDAL.csproj", "{B966A180-B6BC-4830-8C51-3A11F1D427FD}"
EndProject
Project("{2150E333-8FDC-42A3-9474-1A3956D46DE8}") = "OrderMicroservice", "OrderMicroservice", "{30D0D29B-F50E-4C9C-A8BE-95578CAD92C7}"
EndProject
Project("{FAE04EC0-301F-11D3-BF4B-00C04F79EFBC}") = "OrderDAL", "OrderDAL\OrderDAL.csproj", "{6FB5F565-8E73-480A-93C8-743DF860EE80}"
EndProject
Project("{FAE04EC0-301F-11D3-BF4B-00C04F79EFBC}") = "OrderBLL", "OrderBLL\OrderBLL.csproj", "{CFFA29A7-B036-4921-96AD-334271BF48D7}"
EndProject
Project("{FAE04EC0-301F-11D3-BF4B-00C04F79EFBC}") = "OrderAPI", "OrderAPI\OrderAPI.csproj", "{C0661293-9773-4EF0-AE54-0CEA5BE32143}"
EndProject
Global
	GlobalSection(SolutionConfigurationPlatforms) = preSolution
		Debug|Any CPU = Debug|Any CPU
		Release|Any CPU = Release|Any CPU
	EndGlobalSection
	GlobalSection(NestedProjects) = preSolution
		{17C09E80-9063-4FF0-A9BE-995308B00DFA} = {A3F90799-1F9B-41A6-946B-5BE72B100402}
		{02C9EA91-99F7-40C6-BD76-640C513C7D24} = {A3F90799-1F9B-41A6-946B-5BE72B100402}
		{5495FA8F-2A3F-4267-8C97-479F8AC61DF7} = {A3F90799-1F9B-41A6-946B-5BE72B100402}
		{43589C57-D27D-482C-820D-500211AFFFF6} = {E9040E2D-6D8A-48B5-9B5A-AD2062DE6ABA}
		{CF787DF8-2A35-4587-9B69-74EA7985003F} = {E9040E2D-6D8A-48B5-9B5A-AD2062DE6ABA}
		{B966A180-B6BC-4830-8C51-3A11F1D427FD} = {E9040E2D-6D8A-48B5-9B5A-AD2062DE6ABA}
		{6FB5F565-8E73-480A-93C8-743DF860EE80} = {30D0D29B-F50E-4C9C-A8BE-95578CAD92C7}
		{CFFA29A7-B036-4921-96AD-334271BF48D7} = {30D0D29B-F50E-4C9C-A8BE-95578CAD92C7}
		{C0661293-9773-4EF0-AE54-0CEA5BE32143} = {30D0D29B-F50E-4C9C-A8BE-95578CAD92C7}
	EndGlobalSection
	GlobalSection(ProjectConfigurationPlatforms) = postSolution
		{17C09E80-9063-4FF0-A9BE-995308B00DFA}.Debug|Any CPU.ActiveCfg = Debug|Any CPU
		{17C09E80-9063-4FF0-A9BE-995308B00DFA}.Debug|Any CPU.Build.0 = Debug|Any CPU
		{17C09E80-9063-4FF0-A9BE-995308B00DFA}.Release|Any CPU.ActiveCfg = Release|Any CPU
		{17C09E80-9063-4FF0-A9BE-995308B00DFA}.Release|Any CPU.Build.0 = Release|Any CPU
		{02C9EA91-99F7-40C6-BD76-640C513C7D24}.Debug|Any CPU.ActiveCfg = Debug|Any CPU
		{02C9EA91-99F7-40C6-BD76-640C513C7D24}.Debug|Any CPU.Build.0 = Debug|Any CPU
		{02C9EA91-99F7-40C6-BD76-640C513C7D24}.Release|Any CPU.ActiveCfg = Release|Any CPU
		{02C9EA91-99F7-40C6-BD76-640C513C7D24}.Release|Any CPU.Build.0 = Release|Any CPU
		{5495FA8F-2A3F-4267-8C97-479F8AC61DF7}.Debug|Any CPU.ActiveCfg = Debug|Any CPU
		{5495FA8F-2A3F-4267-8C97-479F8AC61DF7}.Debug|Any CPU.Build.0 = Debug|Any CPU
		{5495FA8F-2A3F-4267-8C97-479F8AC61DF7}.Release|Any CPU.ActiveCfg = Release|Any CPU
		{5495FA8F-2A3F-4267-8C97-479F8AC61DF7}.Release|Any CPU.Build.0 = Release|Any CPU
		{43589C57-D27D-482C-820D-500211AFFFF6}.Debug|Any CPU.ActiveCfg = Debug|Any CPU
		{43589C57-D27D-482C-820D-500211AFFFF6}.Debug|Any CPU.Build.0 = Debug|Any CPU
		{43589C57-D27D-482C-820D-500211AFFFF6}.Release|Any CPU.ActiveCfg = Release|Any CPU
		{43589C57-D27D-482C-820D-500211AFFFF6}.Release|Any CPU.Build.0 = Release|Any CPU
		{CF787DF8-2A35-4587-9B69-74EA7985003F}.Debug|Any CPU.ActiveCfg = Debug|Any CPU
		{CF787DF8-2A35-4587-9B69-74EA7985003F}.Debug|Any CPU.Build.0 = Debug|Any CPU
		{CF787DF8-2A35-4587-9B69-74EA7985003F}.Release|Any CPU.ActiveCfg = Release|Any CPU
		{CF787DF8-2A35-4587-9B69-74EA7985003F}.Release|Any CPU.Build.0 = Release|Any CPU
		{B966A180-B6BC-4830-8C51-3A11F1D427FD}.Debug|Any CPU.ActiveCfg = Debug|Any CPU
		{B966A180-B6BC-4830-8C51-3A11F1D427FD}.Debug|Any CPU.Build.0 = Debug|Any CPU
		{B966A180-B6BC-4830-8C51-3A11F1D427FD}.Release|Any CPU.ActiveCfg = Release|Any CPU
		{B966A180-B6BC-4830-8C51-3A11F1D427FD}.Release|Any CPU.Build.0 = Release|Any CPU
		{6FB5F565-8E73-480A-93C8-743DF860EE80}.Debug|Any CPU.ActiveCfg = Debug|Any CPU
		{6FB5F565-8E73-480A-93C8-743DF860EE80}.Debug|Any CPU.Build.0 = Debug|Any CPU
		{6FB5F565-8E73-480A-93C8-743DF860EE80}.Release|Any CPU.ActiveCfg = Release|Any CPU
		{6FB5F565-8E73-480A-93C8-743DF860EE80}.Release|Any CPU.Build.0 = Release|Any CPU
		{CFFA29A7-B036-4921-96AD-334271BF48D7}.Debug|Any CPU.ActiveCfg = Debug|Any CPU
		{CFFA29A7-B036-4921-96AD-334271BF48D7}.Debug|Any CPU.Build.0 = Debug|Any CPU
		{CFFA29A7-B036-4921-96AD-334271BF48D7}.Release|Any CPU.ActiveCfg = Release|Any CPU
		{CFFA29A7-B036-4921-96AD-334271BF48D7}.Release|Any CPU.Build.0 = Release|Any CPU
		{C0661293-9773-4EF0-AE54-0CEA5BE32143}.Debug|Any CPU.ActiveCfg = Debug|Any CPU
		{C0661293-9773-4EF0-AE54-0CEA5BE32143}.Debug|Any CPU.Build.0 = Debug|Any CPU
		{C0661293-9773-4EF0-AE54-0CEA5BE32143}.Release|Any CPU.ActiveCfg = Release|Any CPU
		{C0661293-9773-4EF0-AE54-0CEA5BE32143}.Release|Any CPU.Build.0 = Release|Any CPU
	EndGlobalSection
EndGlobal
