
Microsoft Visual Studio Solution File, Format Version 12.00
Project("{FAE04EC0-301F-11D3-BF4B-00C04F79EFBC}") = "UserAPI", "UserAPI\UserAPI.csproj", "{B3E42E64-33F4-489B-8F8C-2AE87F3A8DF8}"
EndProject
Project("{2150E333-8FDC-42A3-9474-1A3956D46DE8}") = "UserMicroservice", "UserMicroservice", "{11A95E91-2677-4D04-9015-F9A6D23C1F96}"
EndProject
Project("{2150E333-8FDC-42A3-9474-1A3956D46DE8}") = "TrailerMicroservice", "TrailerMicroservice", "{5F0B332F-36CE-406E-B786-5ED5EA98836E}"
EndProject
Project("{FAE04EC0-301F-11D3-BF4B-00C04F79EFBC}") = "TrailerAPI", "TrailerAPI\TrailerAPI.csproj", "{D1DAFD8C-5A16-4D35-B924-20D08B309465}"
EndProject
Project("{FAE04EC0-301F-11D3-BF4B-00C04F79EFBC}") = "BLL", "BLL\BLL.csproj", "{0E773C5C-A0A2-402E-B917-BE04A39FE04E}"
EndProject
Project("{FAE04EC0-301F-11D3-BF4B-00C04F79EFBC}") = "DAL", "DAL\DAL.csproj", "{6BD150F9-A69C-4E47-B3CA-B05BBD1087C3}"
EndProject
Global
	GlobalSection(SolutionConfigurationPlatforms) = preSolution
		Debug|Any CPU = Debug|Any CPU
		Release|Any CPU = Release|Any CPU
	EndGlobalSection
	GlobalSection(ProjectConfigurationPlatforms) = postSolution
		{B3E42E64-33F4-489B-8F8C-2AE87F3A8DF8}.Debug|Any CPU.ActiveCfg = Debug|Any CPU
		{B3E42E64-33F4-489B-8F8C-2AE87F3A8DF8}.Debug|Any CPU.Build.0 = Debug|Any CPU
		{B3E42E64-33F4-489B-8F8C-2AE87F3A8DF8}.Release|Any CPU.ActiveCfg = Release|Any CPU
		{B3E42E64-33F4-489B-8F8C-2AE87F3A8DF8}.Release|Any CPU.Build.0 = Release|Any CPU
		{D1DAFD8C-5A16-4D35-B924-20D08B309465}.Debug|Any CPU.ActiveCfg = Debug|Any CPU
		{D1DAFD8C-5A16-4D35-B924-20D08B309465}.Debug|Any CPU.Build.0 = Debug|Any CPU
		{D1DAFD8C-5A16-4D35-B924-20D08B309465}.Release|Any CPU.ActiveCfg = Release|Any CPU
		{D1DAFD8C-5A16-4D35-B924-20D08B309465}.Release|Any CPU.Build.0 = Release|Any CPU
		{0E773C5C-A0A2-402E-B917-BE04A39FE04E}.Debug|Any CPU.ActiveCfg = Debug|Any CPU
		{0E773C5C-A0A2-402E-B917-BE04A39FE04E}.Debug|Any CPU.Build.0 = Debug|Any CPU
		{0E773C5C-A0A2-402E-B917-BE04A39FE04E}.Release|Any CPU.ActiveCfg = Release|Any CPU
		{0E773C5C-A0A2-402E-B917-BE04A39FE04E}.Release|Any CPU.Build.0 = Release|Any CPU
		{6BD150F9-A69C-4E47-B3CA-B05BBD1087C3}.Debug|Any CPU.ActiveCfg = Debug|Any CPU
		{6BD150F9-A69C-4E47-B3CA-B05BBD1087C3}.Debug|Any CPU.Build.0 = Debug|Any CPU
		{6BD150F9-A69C-4E47-B3CA-B05BBD1087C3}.Release|Any CPU.ActiveCfg = Release|Any CPU
		{6BD150F9-A69C-4E47-B3CA-B05BBD1087C3}.Release|Any CPU.Build.0 = Release|Any CPU
	EndGlobalSection
	GlobalSection(NestedProjects) = preSolution
		{B3E42E64-33F4-489B-8F8C-2AE87F3A8DF8} = {11A95E91-2677-4D04-9015-F9A6D23C1F96}
		{D1DAFD8C-5A16-4D35-B924-20D08B309465} = {5F0B332F-36CE-406E-B786-5ED5EA98836E}
		{0E773C5C-A0A2-402E-B917-BE04A39FE04E} = {11A95E91-2677-4D04-9015-F9A6D23C1F96}
		{6BD150F9-A69C-4E47-B3CA-B05BBD1087C3} = {11A95E91-2677-4D04-9015-F9A6D23C1F96}
	EndGlobalSection
EndGlobal
